
Microsoft Visual Studio Solution File, Format Version 12.00
# Visual Studio 14
VisualStudioVersion = 14.0.23107.0
MinimumVisualStudioVersion = 10.0.40219.1
Project("{FAE04EC0-301F-11D3-BF4B-00C04F79EFBC}") = "WebCRUD", "WebCRUD\WebCRUD.csproj", "{EC7CEB8C-65EB-4927-8598-533D14D564B7}"
EndProject
Global
	GlobalSection(SolutionConfigurationPlatforms) = preSolution
		Debug|Any CPU = Debug|Any CPU
		Release|Any CPU = Release|Any CPU
	EndGlobalSection
	GlobalSection(ProjectConfigurationPlatforms) = postSolution
		{EC7CEB8C-65EB-4927-8598-533D14D564B7}.Debug|Any CPU.ActiveCfg = Debug|Any CPU
		{EC7CEB8C-65EB-4927-8598-533D14D564B7}.Debug|Any CPU.Build.0 = Debug|Any CPU
		{EC7CEB8C-65EB-4927-8598-533D14D564B7}.Release|Any CPU.ActiveCfg = Release|Any CPU
		{EC7CEB8C-65EB-4927-8598-533D14D564B7}.Release|Any CPU.Build.0 = Release|Any CPU
	EndGlobalSection
	GlobalSection(SolutionProperties) = preSolution
		HideSolutionNode = FALSE
	EndGlobalSection
EndGlobal
